// !$*UTF8*$!
{
	archiveVersion = 1;
	classes = {
	};
	objectVersion = 46;
	objects = {

/* Begin PBXBuildFile section */
		C12E3CF11D3518DF0002A2AE /* PodcastDetailViewController.swift in Sources */ = {isa = PBXBuildFile; fileRef = C12E3CF01D3518DF0002A2AE /* PodcastDetailViewController.swift */; };
		C1C4F4681CE62624001B6D41 /* Podcast.swift in Sources */ = {isa = PBXBuildFile; fileRef = C1C4F4671CE62624001B6D41 /* Podcast.swift */; };
		C1C4F46A1CE633FD001B6D41 /* PodcastImage.swift in Sources */ = {isa = PBXBuildFile; fileRef = C1C4F4691CE633FD001B6D41 /* PodcastImage.swift */; };
		C1C4F46C1CE634E4001B6D41 /* Episode.swift in Sources */ = {isa = PBXBuildFile; fileRef = C1C4F46B1CE634E4001B6D41 /* Episode.swift */; };
		C1C4F4721CE708C0001B6D41 /* PodcastParseService.swift in Sources */ = {isa = PBXBuildFile; fileRef = C1C4F4711CE708C0001B6D41 /* PodcastParseService.swift */; };
		C1C4F4741CE7FF40001B6D41 /* XMLElement.swift in Sources */ = {isa = PBXBuildFile; fileRef = C1C4F4731CE7FF40001B6D41 /* XMLElement.swift */; };
		C1C4F4761CE87809001B6D41 /* PodcastsViewController.swift in Sources */ = {isa = PBXBuildFile; fileRef = C1C4F4751CE87809001B6D41 /* PodcastsViewController.swift */; };
		C1C827121CC776CD00BE38E3 /* AppDelegate.swift in Sources */ = {isa = PBXBuildFile; fileRef = C1C827111CC776CD00BE38E3 /* AppDelegate.swift */; };
		C1C827191CC776CD00BE38E3 /* Main.storyboard in Resources */ = {isa = PBXBuildFile; fileRef = C1C827171CC776CD00BE38E3 /* Main.storyboard */; };
		C1C8271B1CC776CD00BE38E3 /* Assets.xcassets in Resources */ = {isa = PBXBuildFile; fileRef = C1C8271A1CC776CD00BE38E3 /* Assets.xcassets */; };
		C1C8271E1CC776CD00BE38E3 /* LaunchScreen.storyboard in Resources */ = {isa = PBXBuildFile; fileRef = C1C8271C1CC776CD00BE38E3 /* LaunchScreen.storyboard */; };
		C1C827291CC776CD00BE38E3 /* PlusCastTests.swift in Sources */ = {isa = PBXBuildFile; fileRef = C1C827281CC776CD00BE38E3 /* PlusCastTests.swift */; };
		C1C827341CC776CD00BE38E3 /* PlusCastUITests.swift in Sources */ = {isa = PBXBuildFile; fileRef = C1C827331CC776CD00BE38E3 /* PlusCastUITests.swift */; };
/* End PBXBuildFile section */

/* Begin PBXContainerItemProxy section */
		C1C827251CC776CD00BE38E3 /* PBXContainerItemProxy */ = {
			isa = PBXContainerItemProxy;
			containerPortal = C1C827061CC776CD00BE38E3 /* Project object */;
			proxyType = 1;
			remoteGlobalIDString = C1C8270D1CC776CD00BE38E3;
			remoteInfo = PlusCast;
		};
		C1C827301CC776CD00BE38E3 /* PBXContainerItemProxy */ = {
			isa = PBXContainerItemProxy;
			containerPortal = C1C827061CC776CD00BE38E3 /* Project object */;
			proxyType = 1;
			remoteGlobalIDString = C1C8270D1CC776CD00BE38E3;
			remoteInfo = PlusCast;
		};
/* End PBXContainerItemProxy section */

/* Begin PBXFileReference section */
		C12E3CF01D3518DF0002A2AE /* PodcastDetailViewController.swift */ = {isa = PBXFileReference; fileEncoding = 4; lastKnownFileType = sourcecode.swift; path = PodcastDetailViewController.swift; sourceTree = "<group>"; };
		C1C4F4671CE62624001B6D41 /* Podcast.swift */ = {isa = PBXFileReference; fileEncoding = 4; lastKnownFileType = sourcecode.swift; name = Podcast.swift; path = Model/Podcast.swift; sourceTree = "<group>"; };
		C1C4F4691CE633FD001B6D41 /* PodcastImage.swift */ = {isa = PBXFileReference; fileEncoding = 4; lastKnownFileType = sourcecode.swift; name = PodcastImage.swift; path = Model/PodcastImage.swift; sourceTree = "<group>"; };
		C1C4F46B1CE634E4001B6D41 /* Episode.swift */ = {isa = PBXFileReference; fileEncoding = 4; lastKnownFileType = sourcecode.swift; name = Episode.swift; path = Model/Episode.swift; sourceTree = "<group>"; };
		C1C4F4711CE708C0001B6D41 /* PodcastParseService.swift */ = {isa = PBXFileReference; fileEncoding = 4; lastKnownFileType = sourcecode.swift; name = PodcastParseService.swift; path = Service/PodcastParseService.swift; sourceTree = "<group>"; };
		C1C4F4731CE7FF40001B6D41 /* XMLElement.swift */ = {isa = PBXFileReference; fileEncoding = 4; lastKnownFileType = sourcecode.swift; name = XMLElement.swift; path = Model/XMLElement.swift; sourceTree = "<group>"; };
		C1C4F4751CE87809001B6D41 /* PodcastsViewController.swift */ = {isa = PBXFileReference; fileEncoding = 4; lastKnownFileType = sourcecode.swift; path = PodcastsViewController.swift; sourceTree = "<group>"; };
		C1C8270E1CC776CD00BE38E3 /* PlusCast.app */ = {isa = PBXFileReference; explicitFileType = wrapper.application; includeInIndex = 0; path = PlusCast.app; sourceTree = BUILT_PRODUCTS_DIR; };
		C1C827111CC776CD00BE38E3 /* AppDelegate.swift */ = {isa = PBXFileReference; lastKnownFileType = sourcecode.swift; path = AppDelegate.swift; sourceTree = "<group>"; };
		C1C827181CC776CD00BE38E3 /* Base */ = {isa = PBXFileReference; lastKnownFileType = file.storyboard; name = Base; path = Base.lproj/Main.storyboard; sourceTree = "<group>"; };
		C1C8271A1CC776CD00BE38E3 /* Assets.xcassets */ = {isa = PBXFileReference; lastKnownFileType = folder.assetcatalog; path = Assets.xcassets; sourceTree = "<group>"; };
		C1C8271D1CC776CD00BE38E3 /* Base */ = {isa = PBXFileReference; lastKnownFileType = file.storyboard; name = Base; path = Base.lproj/LaunchScreen.storyboard; sourceTree = "<group>"; };
		C1C8271F1CC776CD00BE38E3 /* Info.plist */ = {isa = PBXFileReference; lastKnownFileType = text.plist.xml; path = Info.plist; sourceTree = "<group>"; };
		C1C827241CC776CD00BE38E3 /* PlusCastTests.xctest */ = {isa = PBXFileReference; explicitFileType = wrapper.cfbundle; includeInIndex = 0; path = PlusCastTests.xctest; sourceTree = BUILT_PRODUCTS_DIR; };
		C1C827281CC776CD00BE38E3 /* PlusCastTests.swift */ = {isa = PBXFileReference; lastKnownFileType = sourcecode.swift; path = PlusCastTests.swift; sourceTree = "<group>"; };
		C1C8272A1CC776CD00BE38E3 /* Info.plist */ = {isa = PBXFileReference; lastKnownFileType = text.plist.xml; path = Info.plist; sourceTree = "<group>"; };
		C1C8272F1CC776CD00BE38E3 /* PlusCastUITests.xctest */ = {isa = PBXFileReference; explicitFileType = wrapper.cfbundle; includeInIndex = 0; path = PlusCastUITests.xctest; sourceTree = BUILT_PRODUCTS_DIR; };
		C1C827331CC776CD00BE38E3 /* PlusCastUITests.swift */ = {isa = PBXFileReference; lastKnownFileType = sourcecode.swift; path = PlusCastUITests.swift; sourceTree = "<group>"; };
		C1C827351CC776CD00BE38E3 /* Info.plist */ = {isa = PBXFileReference; lastKnownFileType = text.plist.xml; path = Info.plist; sourceTree = "<group>"; };
/* End PBXFileReference section */

/* Begin PBXFrameworksBuildPhase section */
		C1C8270B1CC776CD00BE38E3 /* Frameworks */ = {
			isa = PBXFrameworksBuildPhase;
			buildActionMask = 2147483647;
			files = (
			);
			runOnlyForDeploymentPostprocessing = 0;
		};
		C1C827211CC776CD00BE38E3 /* Frameworks */ = {
			isa = PBXFrameworksBuildPhase;
			buildActionMask = 2147483647;
			files = (
			);
			runOnlyForDeploymentPostprocessing = 0;
		};
		C1C8272C1CC776CD00BE38E3 /* Frameworks */ = {
			isa = PBXFrameworksBuildPhase;
			buildActionMask = 2147483647;
			files = (
			);
			runOnlyForDeploymentPostprocessing = 0;
		};
/* End PBXFrameworksBuildPhase section */

/* Begin PBXGroup section */
		C1C4F4661CE6260E001B6D41 /* Model */ = {
			isa = PBXGroup;
			children = (
				C1C4F4671CE62624001B6D41 /* Podcast.swift */,
				C1C4F4691CE633FD001B6D41 /* PodcastImage.swift */,
				C1C4F46B1CE634E4001B6D41 /* Episode.swift */,
				C1C4F4731CE7FF40001B6D41 /* XMLElement.swift */,
			);
			name = Model;
			sourceTree = "<group>";
		};
		C1C4F4701CE708A2001B6D41 /* Service */ = {
			isa = PBXGroup;
			children = (
				C1C4F4711CE708C0001B6D41 /* PodcastParseService.swift */,
			);
			name = Service;
			sourceTree = "<group>";
		};
		C1C827051CC776CD00BE38E3 = {
			isa = PBXGroup;
			children = (
				C1C827101CC776CD00BE38E3 /* PlusCast */,
				C1C827271CC776CD00BE38E3 /* PlusCastTests */,
				C1C827321CC776CD00BE38E3 /* PlusCastUITests */,
				C1C8270F1CC776CD00BE38E3 /* Products */,
			);
			sourceTree = "<group>";
		};
		C1C8270F1CC776CD00BE38E3 /* Products */ = {
			isa = PBXGroup;
			children = (
				C1C8270E1CC776CD00BE38E3 /* PlusCast.app */,
				C1C827241CC776CD00BE38E3 /* PlusCastTests.xctest */,
				C1C8272F1CC776CD00BE38E3 /* PlusCastUITests.xctest */,
			);
			name = Products;
			sourceTree = "<group>";
		};
		C1C827101CC776CD00BE38E3 /* PlusCast */ = {
			isa = PBXGroup;
			children = (
				C1C4F4701CE708A2001B6D41 /* Service */,
				C1C4F4661CE6260E001B6D41 /* Model */,
				C1C827111CC776CD00BE38E3 /* AppDelegate.swift */,
				C1C827171CC776CD00BE38E3 /* Main.storyboard */,
				C1C8271A1CC776CD00BE38E3 /* Assets.xcassets */,
				C1C8271C1CC776CD00BE38E3 /* LaunchScreen.storyboard */,
				C1C8271F1CC776CD00BE38E3 /* Info.plist */,
				C1C4F4751CE87809001B6D41 /* PodcastsViewController.swift */,
				C12E3CF01D3518DF0002A2AE /* PodcastDetailViewController.swift */,
			);
			path = PlusCast;
			sourceTree = "<group>";
		};
		C1C827271CC776CD00BE38E3 /* PlusCastTests */ = {
			isa = PBXGroup;
			children = (
				C1C827281CC776CD00BE38E3 /* PlusCastTests.swift */,
				C1C8272A1CC776CD00BE38E3 /* Info.plist */,
			);
			path = PlusCastTests;
			sourceTree = "<group>";
		};
		C1C827321CC776CD00BE38E3 /* PlusCastUITests */ = {
			isa = PBXGroup;
			children = (
				C1C827331CC776CD00BE38E3 /* PlusCastUITests.swift */,
				C1C827351CC776CD00BE38E3 /* Info.plist */,
			);
			path = PlusCastUITests;
			sourceTree = "<group>";
		};
/* End PBXGroup section */

/* Begin PBXNativeTarget section */
		C1C8270D1CC776CD00BE38E3 /* PlusCast */ = {
			isa = PBXNativeTarget;
			buildConfigurationList = C1C827381CC776CD00BE38E3 /* Build configuration list for PBXNativeTarget "PlusCast" */;
			buildPhases = (
				C1C8270A1CC776CD00BE38E3 /* Sources */,
				C1C8270B1CC776CD00BE38E3 /* Frameworks */,
				C1C8270C1CC776CD00BE38E3 /* Resources */,
			);
			buildRules = (
			);
			dependencies = (
			);
			name = PlusCast;
			productName = PlusCast;
			productReference = C1C8270E1CC776CD00BE38E3 /* PlusCast.app */;
			productType = "com.apple.product-type.application";
		};
		C1C827231CC776CD00BE38E3 /* PlusCastTests */ = {
			isa = PBXNativeTarget;
			buildConfigurationList = C1C8273B1CC776CD00BE38E3 /* Build configuration list for PBXNativeTarget "PlusCastTests" */;
			buildPhases = (
				C1C827201CC776CD00BE38E3 /* Sources */,
				C1C827211CC776CD00BE38E3 /* Frameworks */,
				C1C827221CC776CD00BE38E3 /* Resources */,
			);
			buildRules = (
			);
			dependencies = (
				C1C827261CC776CD00BE38E3 /* PBXTargetDependency */,
			);
			name = PlusCastTests;
			productName = PlusCastTests;
			productReference = C1C827241CC776CD00BE38E3 /* PlusCastTests.xctest */;
			productType = "com.apple.product-type.bundle.unit-test";
		};
		C1C8272E1CC776CD00BE38E3 /* PlusCastUITests */ = {
			isa = PBXNativeTarget;
			buildConfigurationList = C1C8273E1CC776CD00BE38E3 /* Build configuration list for PBXNativeTarget "PlusCastUITests" */;
			buildPhases = (
				C1C8272B1CC776CD00BE38E3 /* Sources */,
				C1C8272C1CC776CD00BE38E3 /* Frameworks */,
				C1C8272D1CC776CD00BE38E3 /* Resources */,
			);
			buildRules = (
			);
			dependencies = (
				C1C827311CC776CD00BE38E3 /* PBXTargetDependency */,
			);
			name = PlusCastUITests;
			productName = PlusCastUITests;
			productReference = C1C8272F1CC776CD00BE38E3 /* PlusCastUITests.xctest */;
			productType = "com.apple.product-type.bundle.ui-testing";
		};
/* End PBXNativeTarget section */

/* Begin PBXProject section */
		C1C827061CC776CD00BE38E3 /* Project object */ = {
			isa = PBXProject;
			attributes = {
				LastSwiftUpdateCheck = 0730;
				LastUpgradeCheck = 0730;
				ORGANIZATIONNAME = Jiaru;
				TargetAttributes = {
					C1C8270D1CC776CD00BE38E3 = {
						CreatedOnToolsVersion = 7.3;
						DevelopmentTeam = 9PNK568TLA;
					};
					C1C827231CC776CD00BE38E3 = {
						CreatedOnToolsVersion = 7.3;
						TestTargetID = C1C8270D1CC776CD00BE38E3;
					};
					C1C8272E1CC776CD00BE38E3 = {
						CreatedOnToolsVersion = 7.3;
						TestTargetID = C1C8270D1CC776CD00BE38E3;
					};
				};
			};
			buildConfigurationList = C1C827091CC776CD00BE38E3 /* Build configuration list for PBXProject "PlusCast" */;
			compatibilityVersion = "Xcode 3.2";
			developmentRegion = English;
			hasScannedForEncodings = 0;
			knownRegions = (
				en,
				Base,
			);
			mainGroup = C1C827051CC776CD00BE38E3;
			productRefGroup = C1C8270F1CC776CD00BE38E3 /* Products */;
			projectDirPath = "";
			projectRoot = "";
			targets = (
				C1C8270D1CC776CD00BE38E3 /* PlusCast */,
				C1C827231CC776CD00BE38E3 /* PlusCastTests */,
				C1C8272E1CC776CD00BE38E3 /* PlusCastUITests */,
			);
		};
/* End PBXProject section */

/* Begin PBXResourcesBuildPhase section */
		C1C8270C1CC776CD00BE38E3 /* Resources */ = {
			isa = PBXResourcesBuildPhase;
			buildActionMask = 2147483647;
			files = (
				C1C8271E1CC776CD00BE38E3 /* LaunchScreen.storyboard in Resources */,
				C1C8271B1CC776CD00BE38E3 /* Assets.xcassets in Resources */,
				C1C827191CC776CD00BE38E3 /* Main.storyboard in Resources */,
			);
			runOnlyForDeploymentPostprocessing = 0;
		};
		C1C827221CC776CD00BE38E3 /* Resources */ = {
			isa = PBXResourcesBuildPhase;
			buildActionMask = 2147483647;
			files = (
			);
			runOnlyForDeploymentPostprocessing = 0;
		};
		C1C8272D1CC776CD00BE38E3 /* Resources */ = {
			isa = PBXResourcesBuildPhase;
			buildActionMask = 2147483647;
			files = (
			);
			runOnlyForDeploymentPostprocessing = 0;
		};
/* End PBXResourcesBuildPhase section */

/* Begin PBXSourcesBuildPhase section */
		C1C8270A1CC776CD00BE38E3 /* Sources */ = {
			isa = PBXSourcesBuildPhase;
			buildActionMask = 2147483647;
			files = (
				C1C4F46C1CE634E4001B6D41 /* Episode.swift in Sources */,
				C1C4F4761CE87809001B6D41 /* PodcastsViewController.swift in Sources */,
				C1C4F4721CE708C0001B6D41 /* PodcastParseService.swift in Sources */,
				C1C827121CC776CD00BE38E3 /* AppDelegate.swift in Sources */,
				C12E3CF11D3518DF0002A2AE /* PodcastDetailViewController.swift in Sources */,
				C1C4F46A1CE633FD001B6D41 /* PodcastImage.swift in Sources */,
				C1C4F4681CE62624001B6D41 /* Podcast.swift in Sources */,
				C1C4F4741CE7FF40001B6D41 /* XMLElement.swift in Sources */,
			);
			runOnlyForDeploymentPostprocessing = 0;
		};
		C1C827201CC776CD00BE38E3 /* Sources */ = {
			isa = PBXSourcesBuildPhase;
			buildActionMask = 2147483647;
			files = (
				C1C827291CC776CD00BE38E3 /* PlusCastTests.swift in Sources */,
			);
			runOnlyForDeploymentPostprocessing = 0;
		};
		C1C8272B1CC776CD00BE38E3 /* Sources */ = {
			isa = PBXSourcesBuildPhase;
			buildActionMask = 2147483647;
			files = (
				C1C827341CC776CD00BE38E3 /* PlusCastUITests.swift in Sources */,
			);
			runOnlyForDeploymentPostprocessing = 0;
		};
/* End PBXSourcesBuildPhase section */

/* Begin PBXTargetDependency section */
		C1C827261CC776CD00BE38E3 /* PBXTargetDependency */ = {
			isa = PBXTargetDependency;
			target = C1C8270D1CC776CD00BE38E3 /* PlusCast */;
			targetProxy = C1C827251CC776CD00BE38E3 /* PBXContainerItemProxy */;
		};
		C1C827311CC776CD00BE38E3 /* PBXTargetDependency */ = {
			isa = PBXTargetDependency;
			target = C1C8270D1CC776CD00BE38E3 /* PlusCast */;
			targetProxy = C1C827301CC776CD00BE38E3 /* PBXContainerItemProxy */;
		};
/* End PBXTargetDependency section */

/* Begin PBXVariantGroup section */
		C1C827171CC776CD00BE38E3 /* Main.storyboard */ = {
			isa = PBXVariantGroup;
			children = (
				C1C827181CC776CD00BE38E3 /* Base */,
			);
			name = Main.storyboard;
			sourceTree = "<group>";
		};
		C1C8271C1CC776CD00BE38E3 /* LaunchScreen.storyboard */ = {
			isa = PBXVariantGroup;
			children = (
				C1C8271D1CC776CD00BE38E3 /* Base */,
			);
			name = LaunchScreen.storyboard;
			sourceTree = "<group>";
		};
/* End PBXVariantGroup section */

/* Begin XCBuildConfiguration section */
		C1C827361CC776CD00BE38E3 /* Debug */ = {
			isa = XCBuildConfiguration;
			buildSettings = {
				ALWAYS_SEARCH_USER_PATHS = NO;
				CLANG_ANALYZER_NONNULL = YES;
				CLANG_CXX_LANGUAGE_STANDARD = "gnu++0x";
				CLANG_CXX_LIBRARY = "libc++";
				CLANG_ENABLE_MODULES = YES;
				CLANG_ENABLE_OBJC_ARC = YES;
				CLANG_WARN_BOOL_CONVERSION = YES;
				CLANG_WARN_CONSTANT_CONVERSION = YES;
				CLANG_WARN_DIRECT_OBJC_ISA_USAGE = YES_ERROR;
				CLANG_WARN_EMPTY_BODY = YES;
				CLANG_WARN_ENUM_CONVERSION = YES;
				CLANG_WARN_INT_CONVERSION = YES;
				CLANG_WARN_OBJC_ROOT_CLASS = YES_ERROR;
				CLANG_WARN_UNREACHABLE_CODE = YES;
				CLANG_WARN__DUPLICATE_METHOD_MATCH = YES;
				"CODE_SIGN_IDENTITY[sdk=iphoneos*]" = "iPhone Developer";
				COPY_PHASE_STRIP = NO;
				DEBUG_INFORMATION_FORMAT = dwarf;
				ENABLE_STRICT_OBJC_MSGSEND = YES;
				ENABLE_TESTABILITY = YES;
				GCC_C_LANGUAGE_STANDARD = gnu99;
				GCC_DYNAMIC_NO_PIC = NO;
				GCC_NO_COMMON_BLOCKS = YES;
				GCC_OPTIMIZATION_LEVEL = 0;
				GCC_PREPROCESSOR_DEFINITIONS = (
					"DEBUG=1",
					"$(inherited)",
				);
				GCC_WARN_64_TO_32_BIT_CONVERSION = YES;
				GCC_WARN_ABOUT_RETURN_TYPE = YES_ERROR;
				GCC_WARN_UNDECLARED_SELECTOR = YES;
				GCC_WARN_UNINITIALIZED_AUTOS = YES_AGGRESSIVE;
				GCC_WARN_UNUSED_FUNCTION = YES;
				GCC_WARN_UNUSED_VARIABLE = YES;
				IPHONEOS_DEPLOYMENT_TARGET = 9.3;
				MTL_ENABLE_DEBUG_INFO = YES;
				ONLY_ACTIVE_ARCH = YES;
				SDKROOT = iphoneos;
				SWIFT_OPTIMIZATION_LEVEL = "-Onone";
				TARGETED_DEVICE_FAMILY = "1,2";
			};
			name = Debug;
		};
		C1C827371CC776CD00BE38E3 /* Release */ = {
			isa = XCBuildConfiguration;
			buildSettings = {
				ALWAYS_SEARCH_USER_PATHS = NO;
				CLANG_ANALYZER_NONNULL = YES;
				CLANG_CXX_LANGUAGE_STANDARD = "gnu++0x";
				CLANG_CXX_LIBRARY = "libc++";
				CLANG_ENABLE_MODULES = YES;
				CLANG_ENABLE_OBJC_ARC = YES;
				CLANG_WARN_BOOL_CONVERSION = YES;
				CLANG_WARN_CONSTANT_CONVERSION = YES;
				CLANG_WARN_DIRECT_OBJC_ISA_USAGE = YES_ERROR;
				CLANG_WARN_EMPTY_BODY = YES;
				CLANG_WARN_ENUM_CONVERSION = YES;
				CLANG_WARN_INT_CONVERSION = YES;
				CLANG_WARN_OBJC_ROOT_CLASS = YES_ERROR;
				CLANG_WARN_UNREACHABLE_CODE = YES;
				CLANG_WARN__DUPLICATE_METHOD_MATCH = YES;
				"CODE_SIGN_IDENTITY[sdk=iphoneos*]" = "iPhone Developer";
				COPY_PHASE_STRIP = NO;
				DEBUG_INFORMATION_FORMAT = "dwarf-with-dsym";
				ENABLE_NS_ASSERTIONS = NO;
				ENABLE_STRICT_OBJC_MSGSEND = YES;
				GCC_C_LANGUAGE_STANDARD = gnu99;
				GCC_NO_COMMON_BLOCKS = YES;
				GCC_WARN_64_TO_32_BIT_CONVERSION = YES;
				GCC_WARN_ABOUT_RETURN_TYPE = YES_ERROR;
				GCC_WARN_UNDECLARED_SELECTOR = YES;
				GCC_WARN_UNINITIALIZED_AUTOS = YES_AGGRESSIVE;
				GCC_WARN_UNUSED_FUNCTION = YES;
				GCC_WARN_UNUSED_VARIABLE = YES;
				IPHONEOS_DEPLOYMENT_TARGET = 9.3;
				MTL_ENABLE_DEBUG_INFO = NO;
				SDKROOT = iphoneos;
				TARGETED_DEVICE_FAMILY = "1,2";
				VALIDATE_PRODUCT = YES;
			};
			name = Release;
		};
		C1C827391CC776CD00BE38E3 /* Debug */ = {
			isa = XCBuildConfiguration;
			buildSettings = {
				ASSETCATALOG_COMPILER_APPICON_NAME = AppIcon;
				CODE_SIGN_IDENTITY = "iPhone Developer";
				INFOPLIST_FILE = PlusCast/Info.plist;
				LD_RUNPATH_SEARCH_PATHS = "$(inherited) @executable_path/Frameworks";
				PRODUCT_BUNDLE_IDENTIFIER = jiaru.PlusCast;
				PRODUCT_NAME = "$(TARGET_NAME)";
			};
			name = Debug;
		};
		C1C8273A1CC776CD00BE38E3 /* Release */ = {
			isa = XCBuildConfiguration;
			buildSettings = {
				ASSETCATALOG_COMPILER_APPICON_NAME = AppIcon;
				CODE_SIGN_IDENTITY = "iPhone Developer";
				INFOPLIST_FILE = PlusCast/Info.plist;
				LD_RUNPATH_SEARCH_PATHS = "$(inherited) @executable_path/Frameworks";
				PRODUCT_BUNDLE_IDENTIFIER = jiaru.PlusCast;
				PRODUCT_NAME = "$(TARGET_NAME)";
			};
			name = Release;
		};
		C1C8273C1CC776CD00BE38E3 /* Debug */ = {
			isa = XCBuildConfiguration;
			buildSettings = {
				BUNDLE_LOADER = "$(TEST_HOST)";
				INFOPLIST_FILE = PlusCastTests/Info.plist;
				LD_RUNPATH_SEARCH_PATHS = "$(inherited) @executable_path/Frameworks @loader_path/Frameworks";
				PRODUCT_BUNDLE_IDENTIFIER = jiaru.PlusCastTests;
				PRODUCT_NAME = "$(TARGET_NAME)";
				TEST_HOST = "$(BUILT_PRODUCTS_DIR)/PlusCast.app/PlusCast";
			};
			name = Debug;
		};
		C1C8273D1CC776CD00BE38E3 /* Release */ = {
			isa = XCBuildConfiguration;
			buildSettings = {
				BUNDLE_LOADER = "$(TEST_HOST)";
				INFOPLIST_FILE = PlusCastTests/Info.plist;
				LD_RUNPATH_SEARCH_PATHS = "$(inherited) @executable_path/Frameworks @loader_path/Frameworks";
				PRODUCT_BUNDLE_IDENTIFIER = jiaru.PlusCastTests;
				PRODUCT_NAME = "$(TARGET_NAME)";
				TEST_HOST = "$(BUILT_PRODUCTS_DIR)/PlusCast.app/PlusCast";
			};
			name = Release;
		};
		C1C8273F1CC776CD00BE38E3 /* Debug */ = {
			isa = XCBuildConfiguration;
			buildSettings = {
				INFOPLIST_FILE = PlusCastUITests/Info.plist;
				LD_RUNPATH_SEARCH_PATHS = "$(inherited) @executable_path/Frameworks @loader_path/Frameworks";
				PRODUCT_BUNDLE_IDENTIFIER = jiaru.PlusCastUITests;
				PRODUCT_NAME = "$(TARGET_NAME)";
				TEST_TARGET_NAME = PlusCast;
			};
			name = Debug;
		};
		C1C827401CC776CD00BE38E3 /* Release */ = {
			isa = XCBuildConfiguration;
			buildSettings = {
				INFOPLIST_FILE = PlusCastUITests/Info.plist;
				LD_RUNPATH_SEARCH_PATHS = "$(inherited) @executable_path/Frameworks @loader_path/Frameworks";
				PRODUCT_BUNDLE_IDENTIFIER = jiaru.PlusCastUITests;
				PRODUCT_NAME = "$(TARGET_NAME)";
				TEST_TARGET_NAME = PlusCast;
			};
			name = Release;
		};
/* End XCBuildConfiguration section */

/* Begin XCConfigurationList section */
		C1C827091CC776CD00BE38E3 /* Build configuration list for PBXProject "PlusCast" */ = {
			isa = XCConfigurationList;
			buildConfigurations = (
				C1C827361CC776CD00BE38E3 /* Debug */,
				C1C827371CC776CD00BE38E3 /* Release */,
			);
			defaultConfigurationIsVisible = 0;
			defaultConfigurationName = Release;
		};
		C1C827381CC776CD00BE38E3 /* Build configuration list for PBXNativeTarget "PlusCast" */ = {
			isa = XCConfigurationList;
			buildConfigurations = (
				C1C827391CC776CD00BE38E3 /* Debug */,
				C1C8273A1CC776CD00BE38E3 /* Release */,
			);
			defaultConfigurationIsVisible = 0;
			defaultConfigurationName = Release;
		};
		C1C8273B1CC776CD00BE38E3 /* Build configuration list for PBXNativeTarget "PlusCastTests" */ = {
			isa = XCConfigurationList;
			buildConfigurations = (
				C1C8273C1CC776CD00BE38E3 /* Debug */,
				C1C8273D1CC776CD00BE38E3 /* Release */,
			);
			defaultConfigurationIsVisible = 0;
			defaultConfigurationName = Release;
		};
		C1C8273E1CC776CD00BE38E3 /* Build configuration list for PBXNativeTarget "PlusCastUITests" */ = {
			isa = XCConfigurationList;
			buildConfigurations = (
				C1C8273F1CC776CD00BE38E3 /* Debug */,
				C1C827401CC776CD00BE38E3 /* Release */,
			);
			defaultConfigurationIsVisible = 0;
			defaultConfigurationName = Release;
		};
/* End XCConfigurationList section */
	};
	rootObject = C1C827061CC776CD00BE38E3 /* Project object */;
}
